// !$*UTF8*$!
{
	archiveVersion = 1;
	classes = {
	};
	objectVersion = 56;
	objects = {

/* Begin PBXBuildFile section */
		B22F563229A627C7004D7B41 /* AppDelegate.swift in Sources */ = {isa = PBXBuildFile; fileRef = B22F563129A627C7004D7B41 /* AppDelegate.swift */; };
		B22F563429A627C7004D7B41 /* SceneDelegate.swift in Sources */ = {isa = PBXBuildFile; fileRef = B22F563329A627C7004D7B41 /* SceneDelegate.swift */; };
		B22F563629A627C7004D7B41 /* ViewController.swift in Sources */ = {isa = PBXBuildFile; fileRef = B22F563529A627C7004D7B41 /* ViewController.swift */; };
		B22F563929A627C7004D7B41 /* Main.storyboard in Resources */ = {isa = PBXBuildFile; fileRef = B22F563729A627C7004D7B41 /* Main.storyboard */; };
		B22F563B29A627CB004D7B41 /* Assets.xcassets in Resources */ = {isa = PBXBuildFile; fileRef = B22F563A29A627CB004D7B41 /* Assets.xcassets */; };
		B22F563E29A627CB004D7B41 /* LaunchScreen.storyboard in Resources */ = {isa = PBXBuildFile; fileRef = B22F563C29A627CB004D7B41 /* LaunchScreen.storyboard */; };
		B25F957C29A6413C005A43A2 /* UITextField+Ext.swift in Sources */ = {isa = PBXBuildFile; fileRef = B25F957B29A6413C005A43A2 /* UITextField+Ext.swift */; };
		B25F957E29A77AB0005A43A2 /* background.jpeg in Resources */ = {isa = PBXBuildFile; fileRef = B25F957D29A77AAF005A43A2 /* background.jpeg */; };
/* End PBXBuildFile section */

/* Begin PBXFileReference section */
		B22F562E29A627C7004D7B41 /* iOS7-HW11.app */ = {isa = PBXFileReference; explicitFileType = wrapper.application; includeInIndex = 0; path = "iOS7-HW11.app"; sourceTree = BUILT_PRODUCTS_DIR; };
		B22F563129A627C7004D7B41 /* AppDelegate.swift */ = {isa = PBXFileReference; lastKnownFileType = sourcecode.swift; path = AppDelegate.swift; sourceTree = "<group>"; };
		B22F563329A627C7004D7B41 /* SceneDelegate.swift */ = {isa = PBXFileReference; lastKnownFileType = sourcecode.swift; path = SceneDelegate.swift; sourceTree = "<group>"; };
		B22F563529A627C7004D7B41 /* ViewController.swift */ = {isa = PBXFileReference; lastKnownFileType = sourcecode.swift; path = ViewController.swift; sourceTree = "<group>"; };
		B22F563829A627C7004D7B41 /* Base */ = {isa = PBXFileReference; lastKnownFileType = file.storyboard; name = Base; path = Base.lproj/Main.storyboard; sourceTree = "<group>"; };
		B22F563A29A627CB004D7B41 /* Assets.xcassets */ = {isa = PBXFileReference; lastKnownFileType = folder.assetcatalog; path = Assets.xcassets; sourceTree = "<group>"; };
		B22F563D29A627CB004D7B41 /* Base */ = {isa = PBXFileReference; lastKnownFileType = file.storyboard; name = Base; path = Base.lproj/LaunchScreen.storyboard; sourceTree = "<group>"; };
		B22F563F29A627CB004D7B41 /* Info.plist */ = {isa = PBXFileReference; lastKnownFileType = text.plist.xml; path = Info.plist; sourceTree = "<group>"; };
		B25F957B29A6413C005A43A2 /* UITextField+Ext.swift */ = {isa = PBXFileReference; lastKnownFileType = sourcecode.swift; path = "UITextField+Ext.swift"; sourceTree = "<group>"; };
		B25F957D29A77AAF005A43A2 /* background.jpeg */ = {isa = PBXFileReference; lastKnownFileType = image.jpeg; path = background.jpeg; sourceTree = "<group>"; };
/* End PBXFileReference section */

/* Begin PBXFrameworksBuildPhase section */
		B22F562B29A627C7004D7B41 /* Frameworks */ = {
			isa = PBXFrameworksBuildPhase;
			buildActionMask = 2147483647;
			files = (
			);
			runOnlyForDeploymentPostprocessing = 0;
		};
/* End PBXFrameworksBuildPhase section */

/* Begin PBXGroup section */
		B22F562529A627C7004D7B41 = {
			isa = PBXGroup;
			children = (
				B22F563029A627C7004D7B41 /* iOS7-HW11 */,
				B22F562F29A627C7004D7B41 /* Products */,
			);
			sourceTree = "<group>";
		};
		B22F562F29A627C7004D7B41 /* Products */ = {
			isa = PBXGroup;
			children = (
				B22F562E29A627C7004D7B41 /* iOS7-HW11.app */,
			);
			name = Products;
			sourceTree = "<group>";
		};
		B22F563029A627C7004D7B41 /* iOS7-HW11 */ = {
			isa = PBXGroup;
			children = (
				B22F563129A627C7004D7B41 /* AppDelegate.swift */,
				B22F563329A627C7004D7B41 /* SceneDelegate.swift */,
				B22F563529A627C7004D7B41 /* ViewController.swift */,
				B25F957B29A6413C005A43A2 /* UITextField+Ext.swift */,
				B22F563729A627C7004D7B41 /* Main.storyboard */,
				B22F563A29A627CB004D7B41 /* Assets.xcassets */,
				B22F563C29A627CB004D7B41 /* LaunchScreen.storyboard */,
				B22F563F29A627CB004D7B41 /* Info.plist */,
				B25F957D29A77AAF005A43A2 /* background.jpeg */,
			);
			path = "iOS7-HW11";
			sourceTree = "<group>";
		};
/* End PBXGroup section */

/* Begin PBXNativeTarget section */
		B22F562D29A627C7004D7B41 /* iOS7-HW11 */ = {
			isa = PBXNativeTarget;
			buildConfigurationList = B22F564229A627CB004D7B41 /* Build configuration list for PBXNativeTarget "iOS7-HW11" */;
			buildPhases = (
				B22F562A29A627C7004D7B41 /* Sources */,
				B22F562B29A627C7004D7B41 /* Frameworks */,
				B22F562C29A627C7004D7B41 /* Resources */,
			);
			buildRules = (
			);
			dependencies = (
			);
			name = "iOS7-HW11";
			productName = "iOS7-HW11";
			productReference = B22F562E29A627C7004D7B41 /* iOS7-HW11.app */;
			productType = "com.apple.product-type.application";
		};
/* End PBXNativeTarget section */

/* Begin PBXProject section */
		B22F562629A627C7004D7B41 /* Project object */ = {
			isa = PBXProject;
			attributes = {
				BuildIndependentTargetsInParallel = 1;
				LastSwiftUpdateCheck = 1420;
				LastUpgradeCheck = 1420;
				TargetAttributes = {
					B22F562D29A627C7004D7B41 = {
						CreatedOnToolsVersion = 14.2;
					};
				};
			};
			buildConfigurationList = B22F562929A627C7004D7B41 /* Build configuration list for PBXProject "iOS7-HW11" */;
			compatibilityVersion = "Xcode 14.0";
			developmentRegion = en;
			hasScannedForEncodings = 0;
			knownRegions = (
				en,
				Base,
			);
			mainGroup = B22F562529A627C7004D7B41;
			productRefGroup = B22F562F29A627C7004D7B41 /* Products */;
			projectDirPath = "";
			projectRoot = "";
			targets = (
				B22F562D29A627C7004D7B41 /* iOS7-HW11 */,
			);
		};
/* End PBXProject section */

/* Begin PBXResourcesBuildPhase section */
		B22F562C29A627C7004D7B41 /* Resources */ = {
			isa = PBXResourcesBuildPhase;
			buildActionMask = 2147483647;
			files = (
				B22F563E29A627CB004D7B41 /* LaunchScreen.storyboard in Resources */,
				B22F563B29A627CB004D7B41 /* Assets.xcassets in Resources */,
				B22F563929A627C7004D7B41 /* Main.storyboard in Resources */,
				B25F957E29A77AB0005A43A2 /* background.jpeg in Resources */,
			);
			runOnlyForDeploymentPostprocessing = 0;
		};
/* End PBXResourcesBuildPhase section */

/* Begin PBXSourcesBuildPhase section */
		B22F562A29A627C7004D7B41 /* Sources */ = {
			isa = PBXSourcesBuildPhase;
			buildActionMask = 2147483647;
			files = (
				B22F563629A627C7004D7B41 /* ViewController.swift in Sources */,
				B22F563229A627C7004D7B41 /* AppDelegate.swift in Sources */,
				B22F563429A627C7004D7B41 /* SceneDelegate.swift in Sources */,
				B25F957C29A6413C005A43A2 /* UITextField+Ext.swift in Sources */,
			);
			runOnlyForDeploymentPostprocessing = 0;
		};
/* End PBXSourcesBuildPhase section */

/* Begin PBXVariantGroup section */
		B22F563729A627C7004D7B41 /* Main.storyboard */ = {
			isa = PBXVariantGroup;
			children = (
				B22F563829A627C7004D7B41 /* Base */,
			);
			name = Main.storyboard;
			sourceTree = "<group>";
		};
		B22F563C29A627CB004D7B41 /* LaunchScreen.storyboard */ = {
			isa = PBXVariantGroup;
			children = (
				B22F563D29A627CB004D7B41 /* Base */,
			);
			name = LaunchScreen.storyboard;
			sourceTree = "<group>";
		};
/* End PBXVariantGroup section */

/* Begin XCBuildConfiguration section */
		B22F564029A627CB004D7B41 /* Debug */ = {
			isa = XCBuildConfiguration;
			buildSettings = {
				ALWAYS_SEARCH_USER_PATHS = NO;
				CLANG_ANALYZER_NONNULL = YES;
				CLANG_ANALYZER_NUMBER_OBJECT_CONVERSION = YES_AGGRESSIVE;
				CLANG_CXX_LANGUAGE_STANDARD = "gnu++20";
				CLANG_ENABLE_MODULES = YES;
				CLANG_ENABLE_OBJC_ARC = YES;
				CLANG_ENABLE_OBJC_WEAK = YES;
				CLANG_WARN_BLOCK_CAPTURE_AUTORELEASING = YES;
				CLANG_WARN_BOOL_CONVERSION = YES;
				CLANG_WARN_COMMA = YES;
				CLANG_WARN_CONSTANT_CONVERSION = YES;
				CLANG_WARN_DEPRECATED_OBJC_IMPLEMENTATIONS = YES;
				CLANG_WARN_DIRECT_OBJC_ISA_USAGE = YES_ERROR;
				CLANG_WARN_DOCUMENTATION_COMMENTS = YES;
				CLANG_WARN_EMPTY_BODY = YES;
				CLANG_WARN_ENUM_CONVERSION = YES;
				CLANG_WARN_INFINITE_RECURSION = YES;
				CLANG_WARN_INT_CONVERSION = YES;
				CLANG_WARN_NON_LITERAL_NULL_CONVERSION = YES;
				CLANG_WARN_OBJC_IMPLICIT_RETAIN_SELF = YES;
				CLANG_WARN_OBJC_LITERAL_CONVERSION = YES;
				CLANG_WARN_OBJC_ROOT_CLASS = YES_ERROR;
				CLANG_WARN_QUOTED_INCLUDE_IN_FRAMEWORK_HEADER = YES;
				CLANG_WARN_RANGE_LOOP_ANALYSIS = YES;
				CLANG_WARN_STRICT_PROTOTYPES = YES;
				CLANG_WARN_SUSPICIOUS_MOVE = YES;
				CLANG_WARN_UNGUARDED_AVAILABILITY = YES_AGGRESSIVE;
				CLANG_WARN_UNREACHABLE_CODE = YES;
				CLANG_WARN__DUPLICATE_METHOD_MATCH = YES;
				COPY_PHASE_STRIP = NO;
				DEBUG_INFORMATION_FORMAT = dwarf;
				ENABLE_STRICT_OBJC_MSGSEND = YES;
				ENABLE_TESTABILITY = YES;
				GCC_C_LANGUAGE_STANDARD = gnu11;
				GCC_DYNAMIC_NO_PIC = NO;
				GCC_NO_COMMON_BLOCKS = YES;
				GCC_OPTIMIZATION_LEVEL = 0;
				GCC_PREPROCESSOR_DEFINITIONS = (
					"DEBUG=1",
					"$(inherited)",
				);
				GCC_WARN_64_TO_32_BIT_CONVERSION = YES;
				GCC_WARN_ABOUT_RETURN_TYPE = YES_ERROR;
				GCC_WARN_UNDECLARED_SELECTOR = YES;
				GCC_WARN_UNINITIALIZED_AUTOS = YES_AGGRESSIVE;
				GCC_WARN_UNUSED_FUNCTION = YES;
				GCC_WARN_UNUSED_VARIABLE = YES;
				IPHONEOS_DEPLOYMENT_TARGET = 16.2;
				MTL_ENABLE_DEBUG_INFO = INCLUDE_SOURCE;
				MTL_FAST_MATH = YES;
				ONLY_ACTIVE_ARCH = YES;
				SDKROOT = iphoneos;
				SWIFT_ACTIVE_COMPILATION_CONDITIONS = DEBUG;
				SWIFT_OPTIMIZATION_LEVEL = "-Onone";
			};
			name = Debug;
		};
		B22F564129A627CB004D7B41 /* Release */ = {
			isa = XCBuildConfiguration;
			buildSettings = {
				ALWAYS_SEARCH_USER_PATHS = NO;
				CLANG_ANALYZER_NONNULL = YES;
				CLANG_ANALYZER_NUMBER_OBJECT_CONVERSION = YES_AGGRESSIVE;
				CLANG_CXX_LANGUAGE_STANDARD = "gnu++20";
				CLANG_ENABLE_MODULES = YES;
				CLANG_ENABLE_OBJC_ARC = YES;
				CLANG_ENABLE_OBJC_WEAK = YES;
				CLANG_WARN_BLOCK_CAPTURE_AUTORELEASING = YES;
				CLANG_WARN_BOOL_CONVERSION = YES;
				CLANG_WARN_COMMA = YES;
				CLANG_WARN_CONSTANT_CONVERSION = YES;
				CLANG_WARN_DEPRECATED_OBJC_IMPLEMENTATIONS = YES;
				CLANG_WARN_DIRECT_OBJC_ISA_USAGE = YES_ERROR;
				CLANG_WARN_DOCUMENTATION_COMMENTS = YES;
				CLANG_WARN_EMPTY_BODY = YES;
				CLANG_WARN_ENUM_CONVERSION = YES;
				CLANG_WARN_INFINITE_RECURSION = YES;
				CLANG_WARN_INT_CONVERSION = YES;
				CLANG_WARN_NON_LITERAL_NULL_CONVERSION = YES;
				CLANG_WARN_OBJC_IMPLICIT_RETAIN_SELF = YES;
				CLANG_WARN_OBJC_LITERAL_CONVERSION = YES;
				CLANG_WARN_OBJC_ROOT_CLASS = YES_ERROR;
				CLANG_WARN_QUOTED_INCLUDE_IN_FRAMEWORK_HEADER = YES;
				CLANG_WARN_RANGE_LOOP_ANALYSIS = YES;
				CLANG_WARN_STRICT_PROTOTYPES = YES;
				CLANG_WARN_SUSPICIOUS_MOVE = YES;
				CLANG_WARN_UNGUARDED_AVAILABILITY = YES_AGGRESSIVE;
				CLANG_WARN_UNREACHABLE_CODE = YES;
				CLANG_WARN__DUPLICATE_METHOD_MATCH = YES;
				COPY_PHASE_STRIP = NO;
				DEBUG_INFORMATION_FORMAT = "dwarf-with-dsym";
				ENABLE_NS_ASSERTIONS = NO;
				ENABLE_STRICT_OBJC_MSGSEND = YES;
				GCC_C_LANGUAGE_STANDARD = gnu11;
				GCC_NO_COMMON_BLOCKS = YES;
				GCC_WARN_64_TO_32_BIT_CONVERSION = YES;
				GCC_WARN_ABOUT_RETURN_TYPE = YES_ERROR;
				GCC_WARN_UNDECLARED_SELECTOR = YES;
				GCC_WARN_UNINITIALIZED_AUTOS = YES_AGGRESSIVE;
				GCC_WARN_UNUSED_FUNCTION = YES;
				GCC_WARN_UNUSED_VARIABLE = YES;
				IPHONEOS_DEPLOYMENT_TARGET = 16.2;
				MTL_ENABLE_DEBUG_INFO = NO;
				MTL_FAST_MATH = YES;
				SDKROOT = iphoneos;
				SWIFT_COMPILATION_MODE = wholemodule;
				SWIFT_OPTIMIZATION_LEVEL = "-O";
				VALIDATE_PRODUCT = YES;
			};
			name = Release;
		};
		B22F564329A627CB004D7B41 /* Debug */ = {
			isa = XCBuildConfiguration;
			buildSettings = {
				ASSETCATALOG_COMPILER_APPICON_NAME = AppIcon;
				ASSETCATALOG_COMPILER_GLOBAL_ACCENT_COLOR_NAME = AccentColor;
				CODE_SIGN_STYLE = Automatic;
				CURRENT_PROJECT_VERSION = 1;
				DEVELOPMENT_TEAM = APV84TNMCN;
				GENERATE_INFOPLIST_FILE = YES;
				INFOPLIST_FILE = "iOS7-HW11/Info.plist";
				INFOPLIST_KEY_UIApplicationSupportsIndirectInputEvents = YES;
				INFOPLIST_KEY_UILaunchStoryboardName = LaunchScreen;
				INFOPLIST_KEY_UIMainStoryboardFile = Main;
				INFOPLIST_KEY_UISupportedInterfaceOrientations_iPad = "UIInterfaceOrientationPortrait UIInterfaceOrientationPortraitUpsideDown UIInterfaceOrientationLandscapeLeft UIInterfaceOrientationLandscapeRight";
				INFOPLIST_KEY_UISupportedInterfaceOrientations_iPhone = "UIInterfaceOrientationPortrait UIInterfaceOrientationLandscapeLeft UIInterfaceOrientationLandscapeRight";
				LD_RUNPATH_SEARCH_PATHS = (
					"$(inherited)",
					"@executable_path/Frameworks",
				);
				MARKETING_VERSION = 1.0;
				PRODUCT_BUNDLE_IDENTIFIER = "com.bauyrzhanabdi.iOS7-HW11";
				PRODUCT_NAME = "$(TARGET_NAME)";
				SWIFT_EMIT_LOC_STRINGS = YES;
				SWIFT_VERSION = 5.0;
				TARGETED_DEVICE_FAMILY = "1,2";
			};
			name = Debug;
		};
		B22F564429A627CB004D7B41 /* Release */ = {
			isa = XCBuildConfiguration;
			buildSettings = {
				ASSETCATALOG_COMPILER_APPICON_NAME = AppIcon;
				ASSETCATALOG_COMPILER_GLOBAL_ACCENT_COLOR_NAME = AccentColor;
				CODE_SIGN_STYLE = Automatic;
				CURRENT_PROJECT_VERSION = 1;
				DEVELOPMENT_TEAM = APV84TNMCN;
				GENERATE_INFOPLIST_FILE = YES;
				INFOPLIST_FILE = "iOS7-HW11/Info.plist";
				INFOPLIST_KEY_UIApplicationSupportsIndirectInputEvents = YES;
				INFOPLIST_KEY_UILaunchStoryboardName = LaunchScreen;
				INFOPLIST_KEY_UIMainStoryboardFile = Main;
				INFOPLIST_KEY_UISupportedInterfaceOrientations_iPad = "UIInterfaceOrientationPortrait UIInterfaceOrientationPortraitUpsideDown UIInterfaceOrientationLandscapeLeft UIInterfaceOrientationLandscapeRight";
				INFOPLIST_KEY_UISupportedInterfaceOrientations_iPhone = "UIInterfaceOrientationPortrait UIInterfaceOrientationLandscapeLeft UIInterfaceOrientationLandscapeRight";
				LD_RUNPATH_SEARCH_PATHS = (
					"$(inherited)",
					"@executable_path/Frameworks",
				);
				MARKETING_VERSION = 1.0;
				PRODUCT_BUNDLE_IDENTIFIER = "com.bauyrzhanabdi.iOS7-HW11";
				PRODUCT_NAME = "$(TARGET_NAME)";
				SWIFT_EMIT_LOC_STRINGS = YES;
				SWIFT_VERSION = 5.0;
				TARGETED_DEVICE_FAMILY = "1,2";
			};
			name = Release;
		};
/* End XCBuildConfiguration section */

/* Begin XCConfigurationList section */
		B22F562929A627C7004D7B41 /* Build configuration list for PBXProject "iOS7-HW11" */ = {
			isa = XCConfigurationList;
			buildConfigurations = (
				B22F564029A627CB004D7B41 /* Debug */,
				B22F564129A627CB004D7B41 /* Release */,
			);
			defaultConfigurationIsVisible = 0;
			defaultConfigurationName = Release;
		};
		B22F564229A627CB004D7B41 /* Build configuration list for PBXNativeTarget "iOS7-HW11" */ = {
			isa = XCConfigurationList;
			buildConfigurations = (
				B22F564329A627CB004D7B41 /* Debug */,
				B22F564429A627CB004D7B41 /* Release */,
			);
			defaultConfigurationIsVisible = 0;
			defaultConfigurationName = Release;
		};
/* End XCConfigurationList section */
	};
	rootObject = B22F562629A627C7004D7B41 /* Project object */;
}
